
Microsoft Visual Studio Solution File, Format Version 12.00
# Visual Studio Version 17
VisualStudioVersion = 17.7.34009.444
MinimumVisualStudioVersion = 10.0.40219.1
Project("{9A19103F-16F7-4668-BE54-9A1E7A4F7556}") = "IS7024_01_23", "IS7024_01_23\IS7024_01_23.csproj", "{AC404EA0-2A93-4D34-9083-72843EAD0BBD}"
EndProject
Global
	GlobalSection(SolutionConfigurationPlatforms) = preSolution
		Debug|Any CPU = Debug|Any CPU
		Release|Any CPU = Release|Any CPU
	EndGlobalSection
	GlobalSection(ProjectConfigurationPlatforms) = postSolution
		{AC404EA0-2A93-4D34-9083-72843EAD0BBD}.Debug|Any CPU.ActiveCfg = Debug|Any CPU
		{AC404EA0-2A93-4D34-9083-72843EAD0BBD}.Debug|Any CPU.Build.0 = Debug|Any CPU
		{AC404EA0-2A93-4D34-9083-72843EAD0BBD}.Release|Any CPU.ActiveCfg = Release|Any CPU
		{AC404EA0-2A93-4D34-9083-72843EAD0BBD}.Release|Any CPU.Build.0 = Release|Any CPU
	EndGlobalSection
	GlobalSection(SolutionProperties) = preSolution
		HideSolutionNode = FALSE
	EndGlobalSection
	GlobalSection(ExtensibilityGlobals) = postSolution
		SolutionGuid = {FC81BB16-2951-437E-B821-E5B3CF098E0E}
	EndGlobalSection
EndGlobal
